
Microsoft Visual Studio Solution File, Format Version 12.00
# Visual Studio 15
VisualStudioVersion = 15.0.26730.16
MinimumVisualStudioVersion = 10.0.40219.1
Project("{FAE04EC0-301F-11D3-BF4B-00C04F79EFBC}") = "Sum-2", "Sum-2\Sum-2.csproj", "{1E189B56-99E5-451F-9920-70B279F2CEE4}"
EndProject
Project("{9A19103F-16F7-4668-BE54-9A1E7A4F7556}") = "Sum-2Test", "Sum-2Test\Sum-2Test.csproj", "{04A59C30-78E5-4D09-9855-72BEB7F4075D}"
EndProject
Project("{FAE04EC0-301F-11D3-BF4B-00C04F79EFBC}") = "Sum2FilterLib", "Sum2Filter\Sum2FilterLib.csproj", "{CBEF81C6-4168-4F6E-A27D-781C2901C089}"
EndProject
Global
	GlobalSection(SolutionConfigurationPlatforms) = preSolution
		Debug|Any CPU = Debug|Any CPU
		Release|Any CPU = Release|Any CPU
	EndGlobalSection
	GlobalSection(ProjectConfigurationPlatforms) = postSolution
		{1E189B56-99E5-451F-9920-70B279F2CEE4}.Debug|Any CPU.ActiveCfg = Debug|Any CPU
		{1E189B56-99E5-451F-9920-70B279F2CEE4}.Debug|Any CPU.Build.0 = Debug|Any CPU
		{1E189B56-99E5-451F-9920-70B279F2CEE4}.Release|Any CPU.ActiveCfg = Release|Any CPU
		{1E189B56-99E5-451F-9920-70B279F2CEE4}.Release|Any CPU.Build.0 = Release|Any CPU
		{04A59C30-78E5-4D09-9855-72BEB7F4075D}.Debug|Any CPU.ActiveCfg = Debug|Any CPU
		{04A59C30-78E5-4D09-9855-72BEB7F4075D}.Debug|Any CPU.Build.0 = Debug|Any CPU
		{04A59C30-78E5-4D09-9855-72BEB7F4075D}.Release|Any CPU.ActiveCfg = Release|Any CPU
		{04A59C30-78E5-4D09-9855-72BEB7F4075D}.Release|Any CPU.Build.0 = Release|Any CPU
		{CBEF81C6-4168-4F6E-A27D-781C2901C089}.Debug|Any CPU.ActiveCfg = Debug|Any CPU
		{CBEF81C6-4168-4F6E-A27D-781C2901C089}.Debug|Any CPU.Build.0 = Debug|Any CPU
		{CBEF81C6-4168-4F6E-A27D-781C2901C089}.Release|Any CPU.ActiveCfg = Release|Any CPU
		{CBEF81C6-4168-4F6E-A27D-781C2901C089}.Release|Any CPU.Build.0 = Release|Any CPU
	EndGlobalSection
	GlobalSection(SolutionProperties) = preSolution
		HideSolutionNode = FALSE
	EndGlobalSection
	GlobalSection(ExtensibilityGlobals) = postSolution
		SolutionGuid = {6BAEA256-6486-4B27-AC59-4445512106D9}
	EndGlobalSection
EndGlobal
